// !$*UTF8*$!
{
	archiveVersion = 1;
	classes = {
	};
	objectVersion = 56;
	objects = {

/* Begin PBXBuildFile section */
		A7A11300292A0B7900A09F4C /* AlexChefApp.swift in Sources */ = {isa = PBXBuildFile; fileRef = A7A112F4292A0B7900A09F4C /* AlexChefApp.swift */; };
		A7A11301292A0B7900A09F4C /* HomeView.swift in Sources */ = {isa = PBXBuildFile; fileRef = A7A112F5292A0B7900A09F4C /* HomeView.swift */; };
		A7A11302292A0B7900A09F4C /* SearchView.swift in Sources */ = {isa = PBXBuildFile; fileRef = A7A112F6292A0B7900A09F4C /* SearchView.swift */; };
		A7A11303292A0B7900A09F4C /* FavoritesView.swift in Sources */ = {isa = PBXBuildFile; fileRef = A7A112F7292A0B7900A09F4C /* FavoritesView.swift */; };
		A7A11304292A0B7900A09F4C /* RecipeDetailView.swift in Sources */ = {isa = PBXBuildFile; fileRef = A7A112F8292A0B7900A09F4C /* RecipeDetailView.swift */; };
		A7A11305292A0B7900A09F4C /* Recipe.swift in Sources */ = {isa = PBXBuildFile; fileRef = A7A112F9292A0B7900A09F4C /* Recipe.swift */; };
		A7A11306292A0B7900A09F4C /* RecipeViewModel.swift in Sources */ = {isa = PBXBuildFile; fileRef = A7A112FA292A0B7900A09F4C /* RecipeViewModel.swift */; };
                A7A11307292A0B7900A09F4C /* Persistence.swift in Sources */ = {isa = PBXBuildFile; fileRef = A7A112FB292A0B7900A09F4C /* Persistence.swift */; };
                A7A11308292A0B7900A09F4C /* SampleData.swift in Sources */ = {isa = PBXBuildFile; fileRef = A7A112FC292A0B7900A09F4C /* SampleData.swift */; };
                A7A1130B292A0B7900A09F4C /* Assets.xcassets in Resources */ = {isa = PBXBuildFile; fileRef = A7A112FF292A0B7900A09F4C /* Assets.xcassets */; };
                A7A1130C292A0B7900A09F4C /* Preview Assets.xcassets in Resources */ = {isa = PBXBuildFile; fileRef = A7A11309292A0B7800A09F4C /* Preview Assets.xcassets */; };
                A7A11313292A0E4A00A09F4C /* FirebaseFirestore in Frameworks */ = {isa = PBXBuildFile; productRef = A7A11311292A0E4A00A09F4C /* FirebaseFirestore */; };
                3B981639DAFB4569A409E011 /* GeneratedRecipe.swift in Sources */ = {isa = PBXBuildFile; fileRef = 08AAE701E1C24313A2FEDAA4 /* GeneratedRecipe.swift */; };
                AAD7E9ABF2B34895BF63B40C /* GPTRecipeService.swift in Sources */ = {isa = PBXBuildFile; fileRef = 0BDC347767CB46A3A8119210 /* GPTRecipeService.swift */; };
                56532B5C6D6446628E1D8101 /* RecipePrompt.swift in Sources */ = {isa = PBXBuildFile; fileRef = 5514557BFC0B4D85B68496C9 /* RecipePrompt.swift */; };
                833CB7758E8443548F0FD899 /* GPTRecipeViewModel.swift in Sources */ = {isa = PBXBuildFile; fileRef = 594D868B3B6E4EC992A88DBE /* GPTRecipeViewModel.swift */; };
                1180A1CC1EDE46AA83FC8640 /* GPTRecipeView.swift in Sources */ = {isa = PBXBuildFile; fileRef = 98B7FDD076FC482D8001D626 /* GPTRecipeView.swift */; };
                D9E8C7B62EE1A334003138B6 /* RecipeModel.xcdatamodeld in Sources */ = {isa = PBXBuildFile; fileRef = D9E8C7B42EE1A334003138B6 /* RecipeModel.xcdatamodeld */; };
/* End PBXBuildFile section */

/* Begin PBXFileReference section */
		A7A112F4292A0B7900A09F4C /* AlexChefApp.swift */ = {isa = PBXFileReference; lastKnownFileType = sourcecode.swift; path = AlexChefApp.swift; sourceTree = "<group>"; };
		A7A112F5292A0B7900A09F4C /* HomeView.swift */ = {isa = PBXFileReference; lastKnownFileType = sourcecode.swift; path = HomeView.swift; sourceTree = "<group>"; };
		A7A112F6292A0B7900A09F4C /* SearchView.swift */ = {isa = PBXFileReference; lastKnownFileType = sourcecode.swift; path = SearchView.swift; sourceTree = "<group>"; };
		A7A112F7292A0B7900A09F4C /* FavoritesView.swift */ = {isa = PBXFileReference; lastKnownFileType = sourcecode.swift; path = FavoritesView.swift; sourceTree = "<group>"; };
		A7A112F8292A0B7900A09F4C /* RecipeDetailView.swift */ = {isa = PBXFileReference; lastKnownFileType = sourcecode.swift; path = RecipeDetailView.swift; sourceTree = "<group>"; };
		A7A112F9292A0B7900A09F4C /* Recipe.swift */ = {isa = PBXFileReference; lastKnownFileType = sourcecode.swift; path = Recipe.swift; sourceTree = "<group>"; };
		A7A112FA292A0B7900A09F4C /* RecipeViewModel.swift */ = {isa = PBXFileReference; lastKnownFileType = sourcecode.swift; path = RecipeViewModel.swift; sourceTree = "<group>"; };
		A7A112FB292A0B7900A09F4C /* Persistence.swift */ = {isa = PBXFileReference; lastKnownFileType = sourcecode.swift; path = Persistence.swift; sourceTree = "<group>"; };
		A7A112FC292A0B7900A09F4C /* SampleData.swift */ = {isa = PBXFileReference; lastKnownFileType = sourcecode.swift; path = SampleData.swift; sourceTree = "<group>"; };
		A7A112FF292A0B7900A09F4C /* Assets.xcassets */ = {isa = PBXFileReference; lastKnownFileType = folder.assetcatalog; path = Assets.xcassets; sourceTree = "<group>"; };
		A7A11309292A0B7800A09F4C /* Preview Assets.xcassets */ = {isa = PBXFileReference; lastKnownFileType = folder.assetcatalog; path = "Preview Assets.xcassets"; sourceTree = "<group>"; };
                A7A1130A292A0B7800A09F4C /* Info.plist */ = {isa = PBXFileReference; lastKnownFileType = text.plist.xml; path = Info.plist; sourceTree = "<group>"; };
                A7A1130F292A0B7D00A09F4C /* AlexChef.app */ = {isa = PBXFileReference; explicitFileType = wrapper.application; includeInIndex = 0; path = AlexChef.app; sourceTree = BUILT_PRODUCTS_DIR; };
                08AAE701E1C24313A2FEDAA4 /* GeneratedRecipe.swift */ = {isa = PBXFileReference; lastKnownFileType = sourcecode.swift; path = GeneratedRecipe.swift; sourceTree = "<group>"; };
                0BDC347767CB46A3A8119210 /* GPTRecipeService.swift */ = {isa = PBXFileReference; lastKnownFileType = sourcecode.swift; path = GPTRecipeService.swift; sourceTree = "<group>"; };
                5514557BFC0B4D85B68496C9 /* RecipePrompt.swift */ = {isa = PBXFileReference; lastKnownFileType = sourcecode.swift; path = RecipePrompt.swift; sourceTree = "<group>"; };
                594D868B3B6E4EC992A88DBE /* GPTRecipeViewModel.swift */ = {isa = PBXFileReference; lastKnownFileType = sourcecode.swift; path = GPTRecipeViewModel.swift; sourceTree = "<group>"; };
                98B7FDD076FC482D8001D626 /* GPTRecipeView.swift */ = {isa = PBXFileReference; lastKnownFileType = sourcecode.swift; path = GPTRecipeView.swift; sourceTree = "<group>"; };
                D9E8C7B52EE1A334003138B6 /* RecipeModel.xcdatamodel */ = {isa = PBXFileReference; lastKnownFileType = wrapper.xcdatamodel; path = RecipeModel.xcdatamodel; sourceTree = "<group>"; };
/* End PBXFileReference section */

/* Begin PBXFrameworksBuildPhase section */
		A7A112E3292A0A2D00A09F4C /* Frameworks */ = {
			isa = PBXFrameworksBuildPhase;
			buildActionMask = 2147483647;
			files = (
				A7A11313292A0E4A00A09F4C /* FirebaseFirestore in Frameworks */,
			);
			runOnlyForDeploymentPostprocessing = 0;
		};
/* End PBXFrameworksBuildPhase section */

/* Begin PBXGroup section */
		A7A112D9292A0A2D00A09F4C = {
			isa = PBXGroup;
			children = (
				A7A112DC292A0A2D00A09F4C /* AlexChef */,
				A7A112DB292A0A2D00A09F4C,
			);
			sourceTree = "<group>";
		};
		A7A112DB292A0A2D00A09F4C = {
			isa = PBXGroup;
			children = (
				A7A1130F292A0B7D00A09F4C /* AlexChef.app */,
			);
			sourceTree = "<group>";
		};
                A7A112DC292A0A2D00A09F4C /* AlexChef */ = {
                        isa = PBXGroup;
                        children = (
                                A7A112F0292A0B2E00A09F4C /* App */,
                                A7A112F1292A0B4100A09F4C /* Views */,
                                A7A112F2292A0B5200A09F4C /* ViewModels */,
                                A7A112F3292A0B5F00A09F4C /* Models */,
                                E122696872914F3DBE7A5E09 /* Services */,
                                A7A11307292A0BCA00A09F4C /* CoreData */,
                                A7A11308292A0BCE00A09F4C /* Resources */,
                        );
                        path = AlexChef;
                        sourceTree = "<group>";
		};
		A7A112F0292A0B2E00A09F4C /* App */ = {
			isa = PBXGroup;
			children = (
				A7A112F4292A0B7900A09F4C /* AlexChefApp.swift */,
				A7A112FB292A0B7900A09F4C /* Persistence.swift */,
			);
			path = App;
			sourceTree = "<group>";
		};
                A7A112F1292A0B4100A09F4C /* Views */ = {
                        isa = PBXGroup;
                        children = (
                                A7A112F5292A0B7900A09F4C /* HomeView.swift */,
                                A7A112F6292A0B7900A09F4C /* SearchView.swift */,
                                A7A112F7292A0B7900A09F4C /* FavoritesView.swift */,
                                A7A112F8292A0B7900A09F4C /* RecipeDetailView.swift */,
                                98B7FDD076FC482D8001D626 /* GPTRecipeView.swift */,
                        );
                        path = Views;
                        sourceTree = "<group>";
                };
                A7A112F2292A0B5200A09F4C /* ViewModels */ = {
                        isa = PBXGroup;
                        children = (
                                A7A112FA292A0B7900A09F4C /* RecipeViewModel.swift */,
                                594D868B3B6E4EC992A88DBE /* GPTRecipeViewModel.swift */,
                        );
                        path = ViewModels;
                        sourceTree = "<group>";
                };
                A7A112F3292A0B5F00A09F4C /* Models */ = {
                        isa = PBXGroup;
                        children = (
                                A7A112F9292A0B7900A09F4C /* Recipe.swift */,
                                08AAE701E1C24313A2FEDAA4 /* GeneratedRecipe.swift */,
                        );
                        path = Models;
                        sourceTree = "<group>";
                };
                E122696872914F3DBE7A5E09 /* Services */ = {
                        isa = PBXGroup;
                        children = (
                                0BDC347767CB46A3A8119210 /* GPTRecipeService.swift */,
                                5514557BFC0B4D85B68496C9 /* RecipePrompt.swift */,
                        );
                        path = Services;
                        sourceTree = "<group>";
                };
		A7A11307292A0BCA00A09F4C /* CoreData */ = {
			isa = PBXGroup;
			children = (
				D9E8C7B42EE1A334003138B6 /* RecipeModel.xcdatamodeld */,
			);
			path = CoreData;
			sourceTree = "<group>";
		};
		A7A11308292A0BCE00A09F4C /* Resources */ = {
			isa = PBXGroup;
			children = (
				A7A112FF292A0B7900A09F4C /* Assets.xcassets */,
				A7A1130A292A0B7800A09F4C /* Info.plist */,
				A7A1130C292A0BE200A09F4C /* Preview Content */,
			);
			path = Resources;
			sourceTree = "<group>";
		};
		A7A1130C292A0BE200A09F4C /* Preview Content */ = {
			isa = PBXGroup;
			children = (
				A7A11309292A0B7800A09F4C /* Preview Assets.xcassets */,
				A7A112FC292A0B7900A09F4C /* SampleData.swift */,
			);
			path = "Preview Content";
			sourceTree = "<group>";
		};
/* End PBXGroup section */

/* Begin PBXNativeTarget section */
		A7A112DE292A0A2D00A09F4C /* AlexChef */ = {
			isa = PBXNativeTarget;
			buildConfigurationList = A7A112F8292A0AE000A09F4C /* Build configuration list for PBXNativeTarget "AlexChef" */;
			buildPhases = (
				A7A112E1292A0A2D00A09F4C /* Sources */,
				A7A112E3292A0A2D00A09F4C /* Frameworks */,
				A7A112E2292A0A2D00A09F4C /* Resources */,
			);
			buildRules = (
			);
			dependencies = (
			);
			name = AlexChef;
			packageProductDependencies = (
				A7A11311292A0E4A00A09F4C /* FirebaseFirestore */,
			);
			productName = AlexChef;
			productReference = A7A1130F292A0B7D00A09F4C /* AlexChef.app */;
			productType = "com.apple.product-type.application";
		};
/* End PBXNativeTarget section */

/* Begin PBXProject section */
		A7A112DA292A0A2D00A09F4C /* Project object */ = {
			isa = PBXProject;
			attributes = {
				BuildIndependentTargetsInParallel = 1;
				LastSwiftUpdateCheck = 1500;
				LastUpgradeCheck = 2610;
				TargetAttributes = {
					A7A112DE292A0A2D00A09F4C = {
						CreatedOnToolsVersion = 15.0;
					};
				};
			};
			buildConfigurationList = A7A112DD292A0A2D00A09F4C /* Build configuration list for PBXProject "AlexChef" */;
			compatibilityVersion = "Xcode 14.0";
			developmentRegion = en;
			hasScannedForEncodings = 0;
			knownRegions = (
				en,
			);
			mainGroup = A7A112D9292A0A2D00A09F4C;
			packageReferences = (
				A7A11310292A0E4A00A09F4C /* XCRemoteSwiftPackageReference "firebase-ios-sdk" */,
			);
			productRefGroup = A7A112DB292A0A2D00A09F4C;
			projectDirPath = "";
			projectRoot = "";
			targets = (
				A7A112DE292A0A2D00A09F4C /* AlexChef */,
			);
		};
/* End PBXProject section */

/* Begin PBXResourcesBuildPhase section */
		A7A112E2292A0A2D00A09F4C /* Resources */ = {
			isa = PBXResourcesBuildPhase;
			buildActionMask = 2147483647;
			files = (
				A7A1130B292A0B7900A09F4C /* Assets.xcassets in Resources */,
				A7A1130C292A0B7900A09F4C /* Preview Assets.xcassets in Resources */,
			);
			runOnlyForDeploymentPostprocessing = 0;
		};
/* End PBXResourcesBuildPhase section */

/* Begin PBXSourcesBuildPhase section */
		A7A112E1292A0A2D00A09F4C /* Sources */ = {
			isa = PBXSourcesBuildPhase;
			buildActionMask = 2147483647;
			files = (
				A7A11300292A0B7900A09F4C /* AlexChefApp.swift in Sources */,
				A7A11301292A0B7900A09F4C /* HomeView.swift in Sources */,
				A7A11302292A0B7900A09F4C /* SearchView.swift in Sources */,
				A7A11303292A0B7900A09F4C /* FavoritesView.swift in Sources */,
				A7A11304292A0B7900A09F4C /* RecipeDetailView.swift in Sources */,
                                A7A11305292A0B7900A09F4C /* Recipe.swift in Sources */,
                                A7A11306292A0B7900A09F4C /* RecipeViewModel.swift in Sources */,
                                A7A11307292A0B7900A09F4C /* Persistence.swift in Sources */,
                                A7A11308292A0B7900A09F4C /* SampleData.swift in Sources */,
                                3B981639DAFB4569A409E011 /* GeneratedRecipe.swift in Sources */,
                                833CB7758E8443548F0FD899 /* GPTRecipeViewModel.swift in Sources */,
                                1180A1CC1EDE46AA83FC8640 /* GPTRecipeView.swift in Sources */,
                                AAD7E9ABF2B34895BF63B40C /* GPTRecipeService.swift in Sources */,
                                56532B5C6D6446628E1D8101 /* RecipePrompt.swift in Sources */,
                                D9E8C7B62EE1A334003138B6 /* RecipeModel.xcdatamodeld in Sources */,
                        );
			runOnlyForDeploymentPostprocessing = 0;
		};
/* End PBXSourcesBuildPhase section */

/* Begin XCBuildConfiguration section */
		A7A112EF292A0A2D00A09F4C /* Debug */ = {
			isa = XCBuildConfiguration;
			buildSettings = {
				ALWAYS_SEARCH_USER_PATHS = NO;
				CLANG_ANALYZER_NONNULL = YES;
				CLANG_ANALYZER_NUMBER_OBJECT_CONVERSION = YES_AGGRESSIVE;
				CLANG_CXX_LANGUAGE_STANDARD = "gnu++20";
				CLANG_ENABLE_MODULES = YES;
				CLANG_ENABLE_OBJC_ARC = YES;
				CLANG_WARN_BLOCK_CAPTURE_AUTORELEASING = YES;
				CLANG_WARN_BOOL_CONVERSION = YES;
				CLANG_WARN_COMMA = YES;
				CLANG_WARN_CONSTANT_CONVERSION = YES;
				CLANG_WARN_DEPRECATED_OBJC_IMPLEMENTATIONS = YES;
				CLANG_WARN_DIRECT_OBJC_ISA_USAGE = YES_ERROR;
				CLANG_WARN_DOCUMENTATION_COMMENTS = YES;
				CLANG_WARN_EMPTY_BODY = YES;
				CLANG_WARN_ENUM_CONVERSION = YES;
				CLANG_WARN_INFINITE_RECURSION = YES;
				CLANG_WARN_INT_CONVERSION = YES;
				CLANG_WARN_NON_LITERAL_NULL_CONVERSION = YES;
				CLANG_WARN_OBJC_IMPLICIT_RETAIN_SELF = YES;
				CLANG_WARN_OBJC_LITERAL_CONVERSION = YES;
				CLANG_WARN_QUOTED_INCLUDE_IN_FRAMEWORK_HEADER = YES;
				CLANG_WARN_RANGE_LOOP_ANALYSIS = YES;
				CLANG_WARN_STRICT_PROTOTYPES = YES;
				CLANG_WARN_SUSPICIOUS_MOVE = YES;
				CLANG_WARN_UNGUARDED_AVAILABILITY = YES_AGGRESSIVE;
				CLANG_WARN_UNREACHABLE_CODE = YES;
				CLANG_WARN__DUPLICATE_METHOD_MATCH = YES;
				CODE_SIGN_STYLE = Automatic;
				COPY_PHASE_STRIP = NO;
				DEBUG_INFORMATION_FORMAT = dwarf;
				ENABLE_STRICT_OBJC_MSGSEND = YES;
				ENABLE_TESTABILITY = YES;
				ENABLE_USER_SCRIPT_SANDBOXING = YES;
				GCC_C_LANGUAGE_STANDARD = gnu17;
				GCC_DYNAMIC_NO_PIC = NO;
				GCC_NO_COMMON_BLOCKS = YES;
				GCC_OPTIMIZATION_LEVEL = 0;
				GCC_PREPROCESSOR_DEFINITIONS = (
					"DEBUG=1",
					"$(inherited)",
				);
				GCC_WARN_64_TO_32_BIT_CONVERSION = YES;
				GCC_WARN_ABOUT_RETURN_TYPE = YES_ERROR;
				GCC_WARN_UNDECLARED_SELECTOR = YES;
				GCC_WARN_UNINITIALIZED_AUTOS = YES_AGGRESSIVE;
				GCC_WARN_UNUSED_FUNCTION = YES;
				GCC_WARN_UNUSED_VARIABLE = YES;
				IPHONEOS_DEPLOYMENT_TARGET = 16.0;
				MTL_ENABLE_DEBUG_INFO = INCLUDE_SOURCE;
				ONLY_ACTIVE_ARCH = YES;
				SDKROOT = iphoneos;
				STRING_CATALOG_GENERATE_SYMBOLS = YES;
				SWIFT_ACTIVE_COMPILATION_CONDITIONS = DEBUG;
				SWIFT_OPTIMIZATION_LEVEL = "-Onone";
			};
			name = Debug;
		};
		A7A112F0292A0A2D00A09F4C /* Release */ = {
			isa = XCBuildConfiguration;
			buildSettings = {
				ALWAYS_SEARCH_USER_PATHS = NO;
				CLANG_ANALYZER_NONNULL = YES;
				CLANG_ANALYZER_NUMBER_OBJECT_CONVERSION = YES_AGGRESSIVE;
				CLANG_CXX_LANGUAGE_STANDARD = "gnu++20";
				CLANG_ENABLE_MODULES = YES;
				CLANG_ENABLE_OBJC_ARC = YES;
				CLANG_WARN_BLOCK_CAPTURE_AUTORELEASING = YES;
				CLANG_WARN_BOOL_CONVERSION = YES;
				CLANG_WARN_COMMA = YES;
				CLANG_WARN_CONSTANT_CONVERSION = YES;
				CLANG_WARN_DEPRECATED_OBJC_IMPLEMENTATIONS = YES;
				CLANG_WARN_DIRECT_OBJC_ISA_USAGE = YES_ERROR;
				CLANG_WARN_DOCUMENTATION_COMMENTS = YES;
				CLANG_WARN_EMPTY_BODY = YES;
				CLANG_WARN_ENUM_CONVERSION = YES;
				CLANG_WARN_INFINITE_RECURSION = YES;
				CLANG_WARN_INT_CONVERSION = YES;
				CLANG_WARN_NON_LITERAL_NULL_CONVERSION = YES;
				CLANG_WARN_OBJC_IMPLICIT_RETAIN_SELF = YES;
				CLANG_WARN_OBJC_LITERAL_CONVERSION = YES;
				CLANG_WARN_QUOTED_INCLUDE_IN_FRAMEWORK_HEADER = YES;
				CLANG_WARN_RANGE_LOOP_ANALYSIS = YES;
				CLANG_WARN_STRICT_PROTOTYPES = YES;
				CLANG_WARN_SUSPICIOUS_MOVE = YES;
				CLANG_WARN_UNGUARDED_AVAILABILITY = YES_AGGRESSIVE;
				CLANG_WARN_UNREACHABLE_CODE = YES;
				CLANG_WARN__DUPLICATE_METHOD_MATCH = YES;
				CODE_SIGN_STYLE = Automatic;
				COPY_PHASE_STRIP = NO;
				DEBUG_INFORMATION_FORMAT = "dwarf-with-dsym";
				ENABLE_NS_ASSERTIONS = NO;
				ENABLE_STRICT_OBJC_MSGSEND = YES;
				ENABLE_USER_SCRIPT_SANDBOXING = YES;
				GCC_C_LANGUAGE_STANDARD = gnu17;
				GCC_NO_COMMON_BLOCKS = YES;
				GCC_WARN_64_TO_32_BIT_CONVERSION = YES;
				GCC_WARN_ABOUT_RETURN_TYPE = YES_ERROR;
				GCC_WARN_UNDECLARED_SELECTOR = YES;
				GCC_WARN_UNINITIALIZED_AUTOS = YES_AGGRESSIVE;
				GCC_WARN_UNUSED_FUNCTION = YES;
				GCC_WARN_UNUSED_VARIABLE = YES;
				IPHONEOS_DEPLOYMENT_TARGET = 16.0;
				MTL_ENABLE_DEBUG_INFO = NO;
				SDKROOT = iphoneos;
				STRING_CATALOG_GENERATE_SYMBOLS = YES;
				SWIFT_COMPILATION_MODE = wholemodule;
				SWIFT_OPTIMIZATION_LEVEL = "-O";
			};
			name = Release;
		};
		A7A112F9292A0AE000A09F4C /* Debug */ = {
			isa = XCBuildConfiguration;
			buildSettings = {
				ASSETCATALOG_COMPILER_APPICON_NAME = AppIcon;
				CODE_SIGN_STYLE = Automatic;
				DEVELOPMENT_ASSET_PATHS = "";
				DEVELOPMENT_TEAM = "";
				INFOPLIST_FILE = AlexChef/Resources/Info.plist;
				IPHONEOS_DEPLOYMENT_TARGET = 16.0;
				LD_RUNPATH_SEARCH_PATHS = (
					"$(inherited)",
					"@executable_path/Frameworks",
				);
				PRODUCT_BUNDLE_IDENTIFIER = com.example.AlexChef;
				PRODUCT_NAME = "$(TARGET_NAME)";
				SWIFT_EMIT_LOC_STRINGS = YES;
				SWIFT_VERSION = 5.0;
				TARGETED_DEVICE_FAMILY = 1;
			};
			name = Debug;
		};
		A7A112FA292A0AE000A09F4C /* Release */ = {
			isa = XCBuildConfiguration;
			buildSettings = {
				ASSETCATALOG_COMPILER_APPICON_NAME = AppIcon;
				CODE_SIGN_STYLE = Automatic;
				DEVELOPMENT_ASSET_PATHS = "";
				DEVELOPMENT_TEAM = "";
				INFOPLIST_FILE = AlexChef/Resources/Info.plist;
				IPHONEOS_DEPLOYMENT_TARGET = 16.0;
				LD_RUNPATH_SEARCH_PATHS = (
					"$(inherited)",
					"@executable_path/Frameworks",
				);
				PRODUCT_BUNDLE_IDENTIFIER = com.example.AlexChef;
				PRODUCT_NAME = "$(TARGET_NAME)";
				SWIFT_EMIT_LOC_STRINGS = YES;
				SWIFT_VERSION = 5.0;
				TARGETED_DEVICE_FAMILY = 1;
			};
			name = Release;
		};
/* End XCBuildConfiguration section */

/* Begin XCConfigurationList section */
		A7A112DD292A0A2D00A09F4C /* Build configuration list for PBXProject "AlexChef" */ = {
			isa = XCConfigurationList;
			buildConfigurations = (
				A7A112EF292A0A2D00A09F4C /* Debug */,
				A7A112F0292A0A2D00A09F4C /* Release */,
			);
			defaultConfigurationIsVisible = 0;
			defaultConfigurationName = Release;
		};
		A7A112F8292A0AE000A09F4C /* Build configuration list for PBXNativeTarget "AlexChef" */ = {
			isa = XCConfigurationList;
			buildConfigurations = (
				A7A112F9292A0AE000A09F4C /* Debug */,
				A7A112FA292A0AE000A09F4C /* Release */,
			);
			defaultConfigurationIsVisible = 0;
			defaultConfigurationName = Release;
		};
/* End XCConfigurationList section */

/* Begin XCRemoteSwiftPackageReference section */
		A7A11310292A0E4A00A09F4C /* XCRemoteSwiftPackageReference "firebase-ios-sdk" */ = {
			isa = XCRemoteSwiftPackageReference;
			repositoryURL = "https://github.com/firebase/firebase-ios-sdk.git";
			requirement = {
				kind = upToNextMajorVersion;
				minimumVersion = 10.15.0;
			};
		};
/* End XCRemoteSwiftPackageReference section */

/* Begin XCSwiftPackageProductDependency section */
		A7A11311292A0E4A00A09F4C /* FirebaseFirestore */ = {
			isa = XCSwiftPackageProductDependency;
			package = A7A11310292A0E4A00A09F4C /* XCRemoteSwiftPackageReference "firebase-ios-sdk" */;
			productName = FirebaseFirestore;
		};
/* End XCSwiftPackageProductDependency section */

/* Begin XCVersionGroup section */
		D9E8C7B42EE1A334003138B6 /* RecipeModel.xcdatamodeld */ = {
			isa = XCVersionGroup;
			children = (
				D9E8C7B52EE1A334003138B6 /* RecipeModel.xcdatamodel */,
			);
			currentVersion = D9E8C7B52EE1A334003138B6 /* RecipeModel.xcdatamodel */;
			path = RecipeModel.xcdatamodeld;
			sourceTree = "<group>";
			versionGroupType = wrapper.xcdatamodel;
		};
/* End XCVersionGroup section */
	};
	rootObject = A7A112DA292A0A2D00A09F4C /* Project object */;
}
